
Microsoft Visual Studio Solution File, Format Version 12.00
# Visual Studio 15
VisualStudioVersion = 15.0.28307.1145
MinimumVisualStudioVersion = 10.0.40219.1
Project("{8BC9CEB8-8B4A-11D0-8D11-00A0C91BC942}") = "GMPHelper", "GMPHelper\GMPHelper.vcxproj", "{9BD21CE9-C035-4E95-8C9A-6661B2CBFCF6}"
EndProject
Global
	GlobalSection(SolutionConfigurationPlatforms) = preSolution
		Debug|x64 = Debug|x64
		Debug|x86 = Debug|x86
		Release|x64 = Release|x64
		Release|x86 = Release|x86
	EndGlobalSection
	GlobalSection(ProjectConfigurationPlatforms) = postSolution
		{9BD21CE9-C035-4E95-8C9A-6661B2CBFCF6}.Debug|x64.ActiveCfg = Debug|x64
		{9BD21CE9-C035-4E95-8C9A-6661B2CBFCF6}.Debug|x64.Build.0 = Debug|x64
		{9BD21CE9-C035-4E95-8C9A-6661B2CBFCF6}.Debug|x86.ActiveCfg = Debug|Win32
		{9BD21CE9-C035-4E95-8C9A-6661B2CBFCF6}.Debug|x86.Build.0 = Debug|Win32
		{9BD21CE9-C035-4E95-8C9A-6661B2CBFCF6}.Release|x64.ActiveCfg = Release|x64
		{9BD21CE9-C035-4E95-8C9A-6661B2CBFCF6}.Release|x64.Build.0 = Release|x64
		{9BD21CE9-C035-4E95-8C9A-6661B2CBFCF6}.Release|x86.ActiveCfg = Release|Win32
		{9BD21CE9-C035-4E95-8C9A-6661B2CBFCF6}.Release|x86.Build.0 = Release|Win32
	EndGlobalSection
	GlobalSection(SolutionProperties) = preSolution
		HideSolutionNode = FALSE
	EndGlobalSection
	GlobalSection(ExtensibilityGlobals) = postSolution
		SolutionGuid = {A4718FA4-75FD-4CB2-B302-805D01E4C7FC}
	EndGlobalSection
EndGlobal
